{
  "name": "tarkov-image-processor",
  "version": "1.0.0",
  "lockfileVersion": 2,
  "requires": true,
  "packages": {
    "": {
      "version": "1.0.0",
      "license": "ISC",
      "dependencies": {
        "opencv-ts": "^1.3.6"
      },
      "devDependencies": {
        "typescript": "^4.7.4"
      }
    },
    "node_modules/opencv-ts": {
      "version": "1.3.6",
      "resolved": "https://registry.npmjs.org/opencv-ts/-/opencv-ts-1.3.6.tgz",
      "integrity": "sha512-8iG+ujpzsvc5W7vP0WH0TFUOODZFulp7SBzy2Av2xXmHrHVKw7HWKyutLxmstAkNa7nD6BgnDrEVxTsI/mDkeQ==",
      "dependencies": {
        "typescript": "^4.2.3"
      }
    },
    "node_modules/typescript": {
      "version": "4.7.4",
      "resolved": "https://registry.npmjs.org/typescript/-/typescript-4.7.4.tgz",
      "integrity": "sha512-C0WQT0gezHuw6AdY1M2jxUO83Rjf0HP7Sk1DtXj6j1EwkQNZrHAg2XPWlq62oqEhYvONq5pkC2Y9oPljWToLmQ==",
      "bin": {
        "tsc": "bin/tsc",
        "tsserver": "bin/tsserver"
      },
      "engines": {
        "node": ">=4.2.0"
      }
    }
  },
  "dependencies": {
    "opencv-ts": {
      "version": "1.3.6",
      "resolved": "https://registry.npmjs.org/opencv-ts/-/opencv-ts-1.3.6.tgz",
      "integrity": "sha512-8iG+ujpzsvc5W7vP0WH0TFUOODZFulp7SBzy2Av2xXmHrHVKw7HWKyutLxmstAkNa7nD6BgnDrEVxTsI/mDkeQ==",
      "requires": {
        "typescript": "^4.2.3"
      }
    },
    "typescript": {
      "version": "4.7.4",
      "resolved": "https://registry.npmjs.org/typescript/-/typescript-4.7.4.tgz",
      "integrity": "sha512-C0WQT0gezHuw6AdY1M2jxUO83Rjf0HP7Sk1DtXj6j1EwkQNZrHAg2XPWlq62oqEhYvONq5pkC2Y9oPljWToLmQ=="
    }
  }
}
